
Microsoft Visual Studio Solution File, Format Version 12.00
# Visual Studio 15
Project("{FAE04EC0-301F-11D3-BF4B-00C04F79EFBC}") = "Assembly-CSharp", "Assembly-CSharp.csproj", "{EACDFE1F-6687-C2B4-3A61-D3C0250C105D}"
EndProject
Project("{FAE04EC0-301F-11D3-BF4B-00C04F79EFBC}") = "Assembly-CSharp-Editor", "Assembly-CSharp-Editor.csproj", "{5F82ACA7-E3D8-B471-04EB-F54050379B47}"
EndProject
Global
	GlobalSection(SolutionConfigurationPlatforms) = preSolution
		Debug|Any CPU = Debug|Any CPU
		Release|Any CPU = Release|Any CPU
	EndGlobalSection
	GlobalSection(ProjectConfigurationPlatforms) = postSolution
		{EACDFE1F-6687-C2B4-3A61-D3C0250C105D}.Debug|Any CPU.ActiveCfg = Debug|Any CPU
		{EACDFE1F-6687-C2B4-3A61-D3C0250C105D}.Debug|Any CPU.Build.0 = Debug|Any CPU
		{EACDFE1F-6687-C2B4-3A61-D3C0250C105D}.Release|Any CPU.ActiveCfg = Release|Any CPU
		{EACDFE1F-6687-C2B4-3A61-D3C0250C105D}.Release|Any CPU.Build.0 = Release|Any CPU
		{5F82ACA7-E3D8-B471-04EB-F54050379B47}.Debug|Any CPU.ActiveCfg = Debug|Any CPU
		{5F82ACA7-E3D8-B471-04EB-F54050379B47}.Debug|Any CPU.Build.0 = Debug|Any CPU
		{5F82ACA7-E3D8-B471-04EB-F54050379B47}.Release|Any CPU.ActiveCfg = Release|Any CPU
		{5F82ACA7-E3D8-B471-04EB-F54050379B47}.Release|Any CPU.Build.0 = Release|Any CPU
	EndGlobalSection
	GlobalSection(SolutionProperties) = preSolution
		HideSolutionNode = FALSE
	EndGlobalSection
EndGlobal
