
Microsoft Visual Studio Solution File, Format Version 11.00
# Visual Studio 2010
Project("{FAE04EC0-301F-11D3-BF4B-00C04F79EFBC}") = "Assembly-CSharp", "Assembly-CSharp.csproj", "{1ffecdea-8766-b4c2-3a61-d3c0250c105d}"
EndProject
Project("{FAE04EC0-301F-11D3-BF4B-00C04F79EFBC}") = "Assembly-CSharp-Editor", "Assembly-CSharp-Editor.csproj", "{a7ac825f-d8e3-71b4-04eb-f54050379b47}"
EndProject
Global
	GlobalSection(SolutionConfigurationPlatforms) = preSolution
		Debug|Any CPU = Debug|Any CPU
	EndGlobalSection
	GlobalSection(ProjectConfigurationPlatforms) = postSolution
		{1ffecdea-8766-b4c2-3a61-d3c0250c105d}.Debug|Any CPU.ActiveCfg = Debug|Any CPU
		{1ffecdea-8766-b4c2-3a61-d3c0250c105d}.Debug|Any CPU.Build.0 = Debug|Any CPU
		{a7ac825f-d8e3-71b4-04eb-f54050379b47}.Debug|Any CPU.ActiveCfg = Debug|Any CPU
		{a7ac825f-d8e3-71b4-04eb-f54050379b47}.Debug|Any CPU.Build.0 = Debug|Any CPU
	EndGlobalSection
	GlobalSection(SolutionProperties) = preSolution
		HideSolutionNode = FALSE
	EndGlobalSection
EndGlobal
