
Microsoft Visual Studio Solution File, Format Version 12.00
# Visual Studio 15
Project("{FAE04EC0-301F-11D3-BF4B-00C04F79EFBC}") = "Assembly-CSharp-firstpass", "Assembly-CSharp-firstpass.csproj", "{79A476E6-C94A-951B-CC26-9F745F5785C9}"
EndProject
Project("{FAE04EC0-301F-11D3-BF4B-00C04F79EFBC}") = "Assembly-CSharp", "Assembly-CSharp.csproj", "{5BE54E26-8E41-F0D2-7A50-A573EEB72582}"
EndProject
Project("{FAE04EC0-301F-11D3-BF4B-00C04F79EFBC}") = "Assembly-CSharp-Editor-firstpass", "Assembly-CSharp-Editor-firstpass.csproj", "{2D1E386E-A826-C71D-3D68-A20A291BDFAD}"
EndProject
Project("{FAE04EC0-301F-11D3-BF4B-00C04F79EFBC}") = "Assembly-CSharp-firstpass", "Assembly-CSharp-firstpass.Player.csproj", "{DF14DC9E-CD35-063C-100A-0E9CB9644B2D}"
EndProject
Project("{FAE04EC0-301F-11D3-BF4B-00C04F79EFBC}") = "Assembly-CSharp", "Assembly-CSharp.Player.csproj", "{FC187AA2-BD90-6F40-C5FE-14208050CCDE}"
EndProject
Global
	GlobalSection(SolutionConfigurationPlatforms) = preSolution
		Debug|Any CPU = Debug|Any CPU
		Release|Any CPU = Release|Any CPU
	EndGlobalSection
	GlobalSection(ProjectConfigurationPlatforms) = postSolution
		{79A476E6-C94A-951B-CC26-9F745F5785C9}.Debug|Any CPU.ActiveCfg = Debug|Any CPU
		{79A476E6-C94A-951B-CC26-9F745F5785C9}.Debug|Any CPU.Build.0 = Debug|Any CPU
		{79A476E6-C94A-951B-CC26-9F745F5785C9}.Release|Any CPU.ActiveCfg = Release|Any CPU
		{79A476E6-C94A-951B-CC26-9F745F5785C9}.Release|Any CPU.Build.0 = Release|Any CPU
		{5BE54E26-8E41-F0D2-7A50-A573EEB72582}.Debug|Any CPU.ActiveCfg = Debug|Any CPU
		{5BE54E26-8E41-F0D2-7A50-A573EEB72582}.Debug|Any CPU.Build.0 = Debug|Any CPU
		{5BE54E26-8E41-F0D2-7A50-A573EEB72582}.Release|Any CPU.ActiveCfg = Release|Any CPU
		{5BE54E26-8E41-F0D2-7A50-A573EEB72582}.Release|Any CPU.Build.0 = Release|Any CPU
		{2D1E386E-A826-C71D-3D68-A20A291BDFAD}.Debug|Any CPU.ActiveCfg = Debug|Any CPU
		{2D1E386E-A826-C71D-3D68-A20A291BDFAD}.Debug|Any CPU.Build.0 = Debug|Any CPU
		{2D1E386E-A826-C71D-3D68-A20A291BDFAD}.Release|Any CPU.ActiveCfg = Release|Any CPU
		{2D1E386E-A826-C71D-3D68-A20A291BDFAD}.Release|Any CPU.Build.0 = Release|Any CPU
		{DF14DC9E-CD35-063C-100A-0E9CB9644B2D}.Debug|Any CPU.ActiveCfg = Debug|Any CPU
		{DF14DC9E-CD35-063C-100A-0E9CB9644B2D}.Debug|Any CPU.Build.0 = Debug|Any CPU
		{DF14DC9E-CD35-063C-100A-0E9CB9644B2D}.Release|Any CPU.ActiveCfg = Release|Any CPU
		{DF14DC9E-CD35-063C-100A-0E9CB9644B2D}.Release|Any CPU.Build.0 = Release|Any CPU
		{FC187AA2-BD90-6F40-C5FE-14208050CCDE}.Debug|Any CPU.ActiveCfg = Debug|Any CPU
		{FC187AA2-BD90-6F40-C5FE-14208050CCDE}.Debug|Any CPU.Build.0 = Debug|Any CPU
		{FC187AA2-BD90-6F40-C5FE-14208050CCDE}.Release|Any CPU.ActiveCfg = Release|Any CPU
		{FC187AA2-BD90-6F40-C5FE-14208050CCDE}.Release|Any CPU.Build.0 = Release|Any CPU
	EndGlobalSection
	GlobalSection(SolutionProperties) = preSolution
		HideSolutionNode = FALSE
	EndGlobalSection
EndGlobal
