
Microsoft Visual Studio Solution File, Format Version 12.00
# Visual Studio 15
Project("{FAE04EC0-301F-11D3-BF4B-00C04F79EFBC}") = "Assembly-CSharp", "Assembly-CSharp.csproj", "{DEFB831C-E639-3984-CD4B-A5C76B01ED08}"
EndProject
Project("{FAE04EC0-301F-11D3-BF4B-00C04F79EFBC}") = "Assembly-CSharp-Editor", "Assembly-CSharp-Editor.csproj", "{94EB2428-54C2-B5C1-D21C-9DFCB9EEF6F1}"
EndProject
Project("{FAE04EC0-301F-11D3-BF4B-00C04F79EFBC}") = "Assembly-CSharp", "Assembly-CSharp.Player.csproj", "{34EBBEAF-A5CF-82C2-CB00-588A2DE6D336}"
EndProject
Global
	GlobalSection(SolutionConfigurationPlatforms) = preSolution
		Debug|Any CPU = Debug|Any CPU
		Release|Any CPU = Release|Any CPU
	EndGlobalSection
	GlobalSection(ProjectConfigurationPlatforms) = postSolution
		{DEFB831C-E639-3984-CD4B-A5C76B01ED08}.Debug|Any CPU.ActiveCfg = Debug|Any CPU
		{DEFB831C-E639-3984-CD4B-A5C76B01ED08}.Debug|Any CPU.Build.0 = Debug|Any CPU
		{DEFB831C-E639-3984-CD4B-A5C76B01ED08}.Release|Any CPU.ActiveCfg = Release|Any CPU
		{DEFB831C-E639-3984-CD4B-A5C76B01ED08}.Release|Any CPU.Build.0 = Release|Any CPU
		{94EB2428-54C2-B5C1-D21C-9DFCB9EEF6F1}.Debug|Any CPU.ActiveCfg = Debug|Any CPU
		{94EB2428-54C2-B5C1-D21C-9DFCB9EEF6F1}.Debug|Any CPU.Build.0 = Debug|Any CPU
		{94EB2428-54C2-B5C1-D21C-9DFCB9EEF6F1}.Release|Any CPU.ActiveCfg = Release|Any CPU
		{94EB2428-54C2-B5C1-D21C-9DFCB9EEF6F1}.Release|Any CPU.Build.0 = Release|Any CPU
		{34EBBEAF-A5CF-82C2-CB00-588A2DE6D336}.Debug|Any CPU.ActiveCfg = Debug|Any CPU
		{34EBBEAF-A5CF-82C2-CB00-588A2DE6D336}.Debug|Any CPU.Build.0 = Debug|Any CPU
		{34EBBEAF-A5CF-82C2-CB00-588A2DE6D336}.Release|Any CPU.ActiveCfg = Release|Any CPU
		{34EBBEAF-A5CF-82C2-CB00-588A2DE6D336}.Release|Any CPU.Build.0 = Release|Any CPU
	EndGlobalSection
	GlobalSection(SolutionProperties) = preSolution
		HideSolutionNode = FALSE
	EndGlobalSection
EndGlobal
