
Microsoft Visual Studio Solution File, Format Version 12.00
# Visual Studio 15
Project("{FAE04EC0-301F-11D3-BF4B-00C04F79EFBC}") = "Assembly-CSharp-firstpass", "Assembly-CSharp-firstpass.csproj", "{A15C1186-C3A8-E584-34EA-F82A20741C5E}"
EndProject
Project("{FAE04EC0-301F-11D3-BF4B-00C04F79EFBC}") = "Assembly-CSharp", "Assembly-CSharp.csproj", "{EACDFE1F-6687-C2B4-3A61-D3C0250C105D}"
EndProject
Project("{FAE04EC0-301F-11D3-BF4B-00C04F79EFBC}") = "Assembly-CSharp-Editor-firstpass", "Assembly-CSharp-Editor-firstpass.csproj", "{800AF7F5-3B33-31CF-9F85-BAD0D145DCDC}"
EndProject
Global
	GlobalSection(SolutionConfigurationPlatforms) = preSolution
		Debug|Any CPU = Debug|Any CPU
		Release|Any CPU = Release|Any CPU
	EndGlobalSection
	GlobalSection(ProjectConfigurationPlatforms) = postSolution
		{A15C1186-C3A8-E584-34EA-F82A20741C5E}.Debug|Any CPU.ActiveCfg = Debug|Any CPU
		{A15C1186-C3A8-E584-34EA-F82A20741C5E}.Debug|Any CPU.Build.0 = Debug|Any CPU
		{A15C1186-C3A8-E584-34EA-F82A20741C5E}.Release|Any CPU.ActiveCfg = Release|Any CPU
		{A15C1186-C3A8-E584-34EA-F82A20741C5E}.Release|Any CPU.Build.0 = Release|Any CPU
		{EACDFE1F-6687-C2B4-3A61-D3C0250C105D}.Debug|Any CPU.ActiveCfg = Debug|Any CPU
		{EACDFE1F-6687-C2B4-3A61-D3C0250C105D}.Debug|Any CPU.Build.0 = Debug|Any CPU
		{EACDFE1F-6687-C2B4-3A61-D3C0250C105D}.Release|Any CPU.ActiveCfg = Release|Any CPU
		{EACDFE1F-6687-C2B4-3A61-D3C0250C105D}.Release|Any CPU.Build.0 = Release|Any CPU
		{800AF7F5-3B33-31CF-9F85-BAD0D145DCDC}.Debug|Any CPU.ActiveCfg = Debug|Any CPU
		{800AF7F5-3B33-31CF-9F85-BAD0D145DCDC}.Debug|Any CPU.Build.0 = Debug|Any CPU
		{800AF7F5-3B33-31CF-9F85-BAD0D145DCDC}.Release|Any CPU.ActiveCfg = Release|Any CPU
		{800AF7F5-3B33-31CF-9F85-BAD0D145DCDC}.Release|Any CPU.Build.0 = Release|Any CPU
	EndGlobalSection
	GlobalSection(SolutionProperties) = preSolution
		HideSolutionNode = FALSE
	EndGlobalSection
EndGlobal
