
Microsoft Visual Studio Solution File, Format Version 12.00
# Visual Studio 15
Project("{FAE04EC0-301F-11D3-BF4B-00C04F79EFBC}") = "Assembly-CSharp-firstpass", "Assembly-CSharp-firstpass.csproj", "{6EEA2FDE-999A-DC3E-9C3D-52168F63E6EB}"
EndProject
Project("{FAE04EC0-301F-11D3-BF4B-00C04F79EFBC}") = "Assembly-CSharp", "Assembly-CSharp.csproj", "{DEFB831C-E639-3984-CD4B-A5C76B01ED08}"
EndProject
Project("{FAE04EC0-301F-11D3-BF4B-00C04F79EFBC}") = "Assembly-CSharp-Editor-firstpass", "Assembly-CSharp-Editor-firstpass.csproj", "{982A80FC-79DC-7090-4A65-E2ACF495DA78}"
EndProject
Project("{FAE04EC0-301F-11D3-BF4B-00C04F79EFBC}") = "Assembly-CSharp-firstpass", "Assembly-CSharp-firstpass.Player.csproj", "{D34FE1D0-7267-96AA-A549-72DB5EC0EEF2}"
EndProject
Project("{FAE04EC0-301F-11D3-BF4B-00C04F79EFBC}") = "Assembly-CSharp", "Assembly-CSharp.Player.csproj", "{34EBBEAF-A5CF-82C2-CB00-588A2DE6D336}"
EndProject
Global
	GlobalSection(SolutionConfigurationPlatforms) = preSolution
		Debug|Any CPU = Debug|Any CPU
		Release|Any CPU = Release|Any CPU
	EndGlobalSection
	GlobalSection(ProjectConfigurationPlatforms) = postSolution
		{6EEA2FDE-999A-DC3E-9C3D-52168F63E6EB}.Debug|Any CPU.ActiveCfg = Debug|Any CPU
		{6EEA2FDE-999A-DC3E-9C3D-52168F63E6EB}.Debug|Any CPU.Build.0 = Debug|Any CPU
		{6EEA2FDE-999A-DC3E-9C3D-52168F63E6EB}.Release|Any CPU.ActiveCfg = Release|Any CPU
		{6EEA2FDE-999A-DC3E-9C3D-52168F63E6EB}.Release|Any CPU.Build.0 = Release|Any CPU
		{DEFB831C-E639-3984-CD4B-A5C76B01ED08}.Debug|Any CPU.ActiveCfg = Debug|Any CPU
		{DEFB831C-E639-3984-CD4B-A5C76B01ED08}.Debug|Any CPU.Build.0 = Debug|Any CPU
		{DEFB831C-E639-3984-CD4B-A5C76B01ED08}.Release|Any CPU.ActiveCfg = Release|Any CPU
		{DEFB831C-E639-3984-CD4B-A5C76B01ED08}.Release|Any CPU.Build.0 = Release|Any CPU
		{982A80FC-79DC-7090-4A65-E2ACF495DA78}.Debug|Any CPU.ActiveCfg = Debug|Any CPU
		{982A80FC-79DC-7090-4A65-E2ACF495DA78}.Debug|Any CPU.Build.0 = Debug|Any CPU
		{982A80FC-79DC-7090-4A65-E2ACF495DA78}.Release|Any CPU.ActiveCfg = Release|Any CPU
		{982A80FC-79DC-7090-4A65-E2ACF495DA78}.Release|Any CPU.Build.0 = Release|Any CPU
		{D34FE1D0-7267-96AA-A549-72DB5EC0EEF2}.Debug|Any CPU.ActiveCfg = Debug|Any CPU
		{D34FE1D0-7267-96AA-A549-72DB5EC0EEF2}.Debug|Any CPU.Build.0 = Debug|Any CPU
		{D34FE1D0-7267-96AA-A549-72DB5EC0EEF2}.Release|Any CPU.ActiveCfg = Release|Any CPU
		{D34FE1D0-7267-96AA-A549-72DB5EC0EEF2}.Release|Any CPU.Build.0 = Release|Any CPU
		{34EBBEAF-A5CF-82C2-CB00-588A2DE6D336}.Debug|Any CPU.ActiveCfg = Debug|Any CPU
		{34EBBEAF-A5CF-82C2-CB00-588A2DE6D336}.Debug|Any CPU.Build.0 = Debug|Any CPU
		{34EBBEAF-A5CF-82C2-CB00-588A2DE6D336}.Release|Any CPU.ActiveCfg = Release|Any CPU
		{34EBBEAF-A5CF-82C2-CB00-588A2DE6D336}.Release|Any CPU.Build.0 = Release|Any CPU
	EndGlobalSection
	GlobalSection(SolutionProperties) = preSolution
		HideSolutionNode = FALSE
	EndGlobalSection
EndGlobal
