
Microsoft Visual Studio Solution File, Format Version 12.00
# Visual Studio 15
Project("{FAE04EC0-301F-11D3-BF4B-00C04F79EFBC}") = "Assembly-CSharp-firstpass", "Assembly-CSharp-firstpass.csproj", "{CB0B8986-56E1-BE3E-3919-B1624F60F973}"
EndProject
Project("{FAE04EC0-301F-11D3-BF4B-00C04F79EFBC}") = "Assembly-CSharp", "Assembly-CSharp.csproj", "{FD5A10BD-5F16-11AF-BBC5-D51E39D6FC96}"
EndProject
Project("{FAE04EC0-301F-11D3-BF4B-00C04F79EFBC}") = "Assembly-CSharp-Editor-firstpass", "Assembly-CSharp-Editor-firstpass.csproj", "{CEFEF006-0FF2-EE39-DC5D-2B5993FFEE27}"
EndProject
Project("{FAE04EC0-301F-11D3-BF4B-00C04F79EFBC}") = "Assembly-CSharp-firstpass", "Assembly-CSharp-firstpass.Player.csproj", "{EFFDDF84-121A-15EF-37D4-28D62149FB6F}"
EndProject
Project("{FAE04EC0-301F-11D3-BF4B-00C04F79EFBC}") = "Assembly-CSharp", "Assembly-CSharp.Player.csproj", "{D3885877-054C-9DBC-1E82-DE66532CCE8F}"
EndProject
Global
	GlobalSection(SolutionConfigurationPlatforms) = preSolution
		Debug|Any CPU = Debug|Any CPU
		Release|Any CPU = Release|Any CPU
	EndGlobalSection
	GlobalSection(ProjectConfigurationPlatforms) = postSolution
		{CB0B8986-56E1-BE3E-3919-B1624F60F973}.Debug|Any CPU.ActiveCfg = Debug|Any CPU
		{CB0B8986-56E1-BE3E-3919-B1624F60F973}.Debug|Any CPU.Build.0 = Debug|Any CPU
		{CB0B8986-56E1-BE3E-3919-B1624F60F973}.Release|Any CPU.ActiveCfg = Release|Any CPU
		{CB0B8986-56E1-BE3E-3919-B1624F60F973}.Release|Any CPU.Build.0 = Release|Any CPU
		{FD5A10BD-5F16-11AF-BBC5-D51E39D6FC96}.Debug|Any CPU.ActiveCfg = Debug|Any CPU
		{FD5A10BD-5F16-11AF-BBC5-D51E39D6FC96}.Debug|Any CPU.Build.0 = Debug|Any CPU
		{FD5A10BD-5F16-11AF-BBC5-D51E39D6FC96}.Release|Any CPU.ActiveCfg = Release|Any CPU
		{FD5A10BD-5F16-11AF-BBC5-D51E39D6FC96}.Release|Any CPU.Build.0 = Release|Any CPU
		{CEFEF006-0FF2-EE39-DC5D-2B5993FFEE27}.Debug|Any CPU.ActiveCfg = Debug|Any CPU
		{CEFEF006-0FF2-EE39-DC5D-2B5993FFEE27}.Debug|Any CPU.Build.0 = Debug|Any CPU
		{CEFEF006-0FF2-EE39-DC5D-2B5993FFEE27}.Release|Any CPU.ActiveCfg = Release|Any CPU
		{CEFEF006-0FF2-EE39-DC5D-2B5993FFEE27}.Release|Any CPU.Build.0 = Release|Any CPU
		{EFFDDF84-121A-15EF-37D4-28D62149FB6F}.Debug|Any CPU.ActiveCfg = Debug|Any CPU
		{EFFDDF84-121A-15EF-37D4-28D62149FB6F}.Debug|Any CPU.Build.0 = Debug|Any CPU
		{EFFDDF84-121A-15EF-37D4-28D62149FB6F}.Release|Any CPU.ActiveCfg = Release|Any CPU
		{EFFDDF84-121A-15EF-37D4-28D62149FB6F}.Release|Any CPU.Build.0 = Release|Any CPU
		{D3885877-054C-9DBC-1E82-DE66532CCE8F}.Debug|Any CPU.ActiveCfg = Debug|Any CPU
		{D3885877-054C-9DBC-1E82-DE66532CCE8F}.Debug|Any CPU.Build.0 = Debug|Any CPU
		{D3885877-054C-9DBC-1E82-DE66532CCE8F}.Release|Any CPU.ActiveCfg = Release|Any CPU
		{D3885877-054C-9DBC-1E82-DE66532CCE8F}.Release|Any CPU.Build.0 = Release|Any CPU
	EndGlobalSection
	GlobalSection(SolutionProperties) = preSolution
		HideSolutionNode = FALSE
	EndGlobalSection
EndGlobal
