
Microsoft Visual Studio Solution File, Format Version 11.00
# Visual Studio 2010
Project("{FAE04EC0-301F-11D3-BF4B-00C04F79EFBC}") = "Assembly-CSharp-firstpass", "Assembly-CSharp-firstpass.csproj", "{9690e812-c7a9-b677-56ee-5f8ec0265db7}"
EndProject
Project("{FAE04EC0-301F-11D3-BF4B-00C04F79EFBC}") = "Assembly-CSharp", "Assembly-CSharp.csproj", "{45e9e022-916d-4e11-35f2-e130cc1b88a8}"
EndProject
Project("{FAE04EC0-301F-11D3-BF4B-00C04F79EFBC}") = "Assembly-CSharp-Editor-firstpass", "Assembly-CSharp-Editor-firstpass.csproj", "{124b0138-61e7-0908-d71e-45037a911e1c}"
EndProject
Global
	GlobalSection(SolutionConfigurationPlatforms) = preSolution
		Debug|Any CPU = Debug|Any CPU
	EndGlobalSection
	GlobalSection(ProjectConfigurationPlatforms) = postSolution
		{9690e812-c7a9-b677-56ee-5f8ec0265db7}.Debug|Any CPU.ActiveCfg = Debug|Any CPU
		{9690e812-c7a9-b677-56ee-5f8ec0265db7}.Debug|Any CPU.Build.0 = Debug|Any CPU
		{45e9e022-916d-4e11-35f2-e130cc1b88a8}.Debug|Any CPU.ActiveCfg = Debug|Any CPU
		{45e9e022-916d-4e11-35f2-e130cc1b88a8}.Debug|Any CPU.Build.0 = Debug|Any CPU
		{124b0138-61e7-0908-d71e-45037a911e1c}.Debug|Any CPU.ActiveCfg = Debug|Any CPU
		{124b0138-61e7-0908-d71e-45037a911e1c}.Debug|Any CPU.Build.0 = Debug|Any CPU
	EndGlobalSection
	GlobalSection(SolutionProperties) = preSolution
		HideSolutionNode = FALSE
	EndGlobalSection
EndGlobal
